// !$*UTF8*$!
{
	archiveVersion = 1;
	classes = {
	};
	objectVersion = 50;
	objects = {

/* Begin PBXBuildFile section */
		3F81C47323F6043A00B6F3EC /* AppDelegate.swift in Sources */ = {isa = PBXBuildFile; fileRef = 3F81C47223F6043A00B6F3EC /* AppDelegate.swift */; };
		3F81C47523F6043A00B6F3EC /* SceneDelegate.swift in Sources */ = {isa = PBXBuildFile; fileRef = 3F81C47423F6043A00B6F3EC /* SceneDelegate.swift */; };
		3F81C47723F6043A00B6F3EC /* ViewController.swift in Sources */ = {isa = PBXBuildFile; fileRef = 3F81C47623F6043A00B6F3EC /* ViewController.swift */; };
		3F81C47A23F6043A00B6F3EC /* Main.storyboard in Resources */ = {isa = PBXBuildFile; fileRef = 3F81C47823F6043A00B6F3EC /* Main.storyboard */; };
		3F81C47C23F6043B00B6F3EC /* Assets.xcassets in Resources */ = {isa = PBXBuildFile; fileRef = 3F81C47B23F6043B00B6F3EC /* Assets.xcassets */; };
		3F81C47F23F6043B00B6F3EC /* LaunchScreen.storyboard in Resources */ = {isa = PBXBuildFile; fileRef = 3F81C47D23F6043B00B6F3EC /* LaunchScreen.storyboard */; };
		3F81C48823F6059100B6F3EC /* MapKit.framework in Frameworks */ = {isa = PBXBuildFile; fileRef = 3F81C48723F6059100B6F3EC /* MapKit.framework */; };
		3F81C48A23F605A800B6F3EC /* CoreLocation.framework in Frameworks */ = {isa = PBXBuildFile; fileRef = 3F81C48923F605A800B6F3EC /* CoreLocation.framework */; };
/* End PBXBuildFile section */

/* Begin PBXFileReference section */
		3F81C46F23F6043A00B6F3EC /* AulaMapKitUniville.app */ = {isa = PBXFileReference; explicitFileType = wrapper.application; includeInIndex = 0; path = AulaMapKitUniville.app; sourceTree = BUILT_PRODUCTS_DIR; };
		3F81C47223F6043A00B6F3EC /* AppDelegate.swift */ = {isa = PBXFileReference; lastKnownFileType = sourcecode.swift; path = AppDelegate.swift; sourceTree = "<group>"; };
		3F81C47423F6043A00B6F3EC /* SceneDelegate.swift */ = {isa = PBXFileReference; lastKnownFileType = sourcecode.swift; path = SceneDelegate.swift; sourceTree = "<group>"; };
		3F81C47623F6043A00B6F3EC /* ViewController.swift */ = {isa = PBXFileReference; lastKnownFileType = sourcecode.swift; path = ViewController.swift; sourceTree = "<group>"; };
		3F81C47923F6043A00B6F3EC /* Base */ = {isa = PBXFileReference; lastKnownFileType = file.storyboard; name = Base; path = Base.lproj/Main.storyboard; sourceTree = "<group>"; };
		3F81C47B23F6043B00B6F3EC /* Assets.xcassets */ = {isa = PBXFileReference; lastKnownFileType = folder.assetcatalog; path = Assets.xcassets; sourceTree = "<group>"; };
		3F81C47E23F6043B00B6F3EC /* Base */ = {isa = PBXFileReference; lastKnownFileType = file.storyboard; name = Base; path = Base.lproj/LaunchScreen.storyboard; sourceTree = "<group>"; };
		3F81C48023F6043B00B6F3EC /* Info.plist */ = {isa = PBXFileReference; lastKnownFileType = text.plist.xml; path = Info.plist; sourceTree = "<group>"; };
		3F81C48723F6059100B6F3EC /* MapKit.framework */ = {isa = PBXFileReference; lastKnownFileType = wrapper.framework; name = MapKit.framework; path = System/Library/Frameworks/MapKit.framework; sourceTree = SDKROOT; };
		3F81C48923F605A800B6F3EC /* CoreLocation.framework */ = {isa = PBXFileReference; lastKnownFileType = wrapper.framework; name = CoreLocation.framework; path = System/Library/Frameworks/CoreLocation.framework; sourceTree = SDKROOT; };
/* End PBXFileReference section */

/* Begin PBXFrameworksBuildPhase section */
		3F81C46C23F6043A00B6F3EC /* Frameworks */ = {
			isa = PBXFrameworksBuildPhase;
			buildActionMask = 2147483647;
			files = (
				3F81C48A23F605A800B6F3EC /* CoreLocation.framework in Frameworks */,
				3F81C48823F6059100B6F3EC /* MapKit.framework in Frameworks */,
			);
			runOnlyForDeploymentPostprocessing = 0;
		};
/* End PBXFrameworksBuildPhase section */

/* Begin PBXGroup section */
		3F81C46623F6043A00B6F3EC = {
			isa = PBXGroup;
			children = (
				3F81C47123F6043A00B6F3EC /* AulaMapKitUniville */,
				3F81C47023F6043A00B6F3EC /* Products */,
				3F81C48623F6059100B6F3EC /* Frameworks */,
			);
			sourceTree = "<group>";
		};
		3F81C47023F6043A00B6F3EC /* Products */ = {
			isa = PBXGroup;
			children = (
				3F81C46F23F6043A00B6F3EC /* AulaMapKitUniville.app */,
			);
			name = Products;
			sourceTree = "<group>";
		};
		3F81C47123F6043A00B6F3EC /* AulaMapKitUniville */ = {
			isa = PBXGroup;
			children = (
				3F81C47223F6043A00B6F3EC /* AppDelegate.swift */,
				3F81C47423F6043A00B6F3EC /* SceneDelegate.swift */,
				3F81C47623F6043A00B6F3EC /* ViewController.swift */,
				3F81C47823F6043A00B6F3EC /* Main.storyboard */,
				3F81C47B23F6043B00B6F3EC /* Assets.xcassets */,
				3F81C47D23F6043B00B6F3EC /* LaunchScreen.storyboard */,
				3F81C48023F6043B00B6F3EC /* Info.plist */,
			);
			path = AulaMapKitUniville;
			sourceTree = "<group>";
		};
		3F81C48623F6059100B6F3EC /* Frameworks */ = {
			isa = PBXGroup;
			children = (
				3F81C48923F605A800B6F3EC /* CoreLocation.framework */,
				3F81C48723F6059100B6F3EC /* MapKit.framework */,
			);
			name = Frameworks;
			sourceTree = "<group>";
		};
/* End PBXGroup section */

/* Begin PBXNativeTarget section */
		3F81C46E23F6043A00B6F3EC /* AulaMapKitUniville */ = {
			isa = PBXNativeTarget;
			buildConfigurationList = 3F81C48323F6043B00B6F3EC /* Build configuration list for PBXNativeTarget "AulaMapKitUniville" */;
			buildPhases = (
				3F81C46B23F6043A00B6F3EC /* Sources */,
				3F81C46C23F6043A00B6F3EC /* Frameworks */,
				3F81C46D23F6043A00B6F3EC /* Resources */,
			);
			buildRules = (
			);
			dependencies = (
			);
			name = AulaMapKitUniville;
			productName = AulaMapKitUniville;
			productReference = 3F81C46F23F6043A00B6F3EC /* AulaMapKitUniville.app */;
			productType = "com.apple.product-type.application";
		};
/* End PBXNativeTarget section */

/* Begin PBXProject section */
		3F81C46723F6043A00B6F3EC /* Project object */ = {
			isa = PBXProject;
			attributes = {
				LastSwiftUpdateCheck = 1130;
				LastUpgradeCheck = 1130;
				ORGANIZATIONNAME = Student;
				TargetAttributes = {
					3F81C46E23F6043A00B6F3EC = {
						CreatedOnToolsVersion = 11.3;
					};
				};
			};
			buildConfigurationList = 3F81C46A23F6043A00B6F3EC /* Build configuration list for PBXProject "AulaMapKitUniville" */;
			compatibilityVersion = "Xcode 9.3";
			developmentRegion = en;
			hasScannedForEncodings = 0;
			knownRegions = (
				en,
				Base,
			);
			mainGroup = 3F81C46623F6043A00B6F3EC;
			productRefGroup = 3F81C47023F6043A00B6F3EC /* Products */;
			projectDirPath = "";
			projectRoot = "";
			targets = (
				3F81C46E23F6043A00B6F3EC /* AulaMapKitUniville */,
			);
		};
/* End PBXProject section */

/* Begin PBXResourcesBuildPhase section */
		3F81C46D23F6043A00B6F3EC /* Resources */ = {
			isa = PBXResourcesBuildPhase;
			buildActionMask = 2147483647;
			files = (
				3F81C47F23F6043B00B6F3EC /* LaunchScreen.storyboard in Resources */,
				3F81C47C23F6043B00B6F3EC /* Assets.xcassets in Resources */,
				3F81C47A23F6043A00B6F3EC /* Main.storyboard in Resources */,
			);
			runOnlyForDeploymentPostprocessing = 0;
		};
/* End PBXResourcesBuildPhase section */

/* Begin PBXSourcesBuildPhase section */
		3F81C46B23F6043A00B6F3EC /* Sources */ = {
			isa = PBXSourcesBuildPhase;
			buildActionMask = 2147483647;
			files = (
				3F81C47723F6043A00B6F3EC /* ViewController.swift in Sources */,
				3F81C47323F6043A00B6F3EC /* AppDelegate.swift in Sources */,
				3F81C47523F6043A00B6F3EC /* SceneDelegate.swift in Sources */,
			);
			runOnlyForDeploymentPostprocessing = 0;
		};
/* End PBXSourcesBuildPhase section */

/* Begin PBXVariantGroup section */
		3F81C47823F6043A00B6F3EC /* Main.storyboard */ = {
			isa = PBXVariantGroup;
			children = (
				3F81C47923F6043A00B6F3EC /* Base */,
			);
			name = Main.storyboard;
			sourceTree = "<group>";
		};
		3F81C47D23F6043B00B6F3EC /* LaunchScreen.storyboard */ = {
			isa = PBXVariantGroup;
			children = (
				3F81C47E23F6043B00B6F3EC /* Base */,
			);
			name = LaunchScreen.storyboard;
			sourceTree = "<group>";
		};
/* End PBXVariantGroup section */

/* Begin XCBuildConfiguration section */
		3F81C48123F6043B00B6F3EC /* Debug */ = {
			isa = XCBuildConfiguration;
			buildSettings = {
				ALWAYS_SEARCH_USER_PATHS = NO;
				CLANG_ANALYZER_NONNULL = YES;
				CLANG_ANALYZER_NUMBER_OBJECT_CONVERSION = YES_AGGRESSIVE;
				CLANG_CXX_LANGUAGE_STANDARD = "gnu++14";
				CLANG_CXX_LIBRARY = "libc++";
				CLANG_ENABLE_MODULES = YES;
				CLANG_ENABLE_OBJC_ARC = YES;
				CLANG_ENABLE_OBJC_WEAK = YES;
				CLANG_WARN_BLOCK_CAPTURE_AUTORELEASING = YES;
				CLANG_WARN_BOOL_CONVERSION = YES;
				CLANG_WARN_COMMA = YES;
				CLANG_WARN_CONSTANT_CONVERSION = YES;
				CLANG_WARN_DEPRECATED_OBJC_IMPLEMENTATIONS = YES;
				CLANG_WARN_DIRECT_OBJC_ISA_USAGE = YES_ERROR;
				CLANG_WARN_DOCUMENTATION_COMMENTS = YES;
				CLANG_WARN_EMPTY_BODY = YES;
				CLANG_WARN_ENUM_CONVERSION = YES;
				CLANG_WARN_INFINITE_RECURSION = YES;
				CLANG_WARN_INT_CONVERSION = YES;
				CLANG_WARN_NON_LITERAL_NULL_CONVERSION = YES;
				CLANG_WARN_OBJC_IMPLICIT_RETAIN_SELF = YES;
				CLANG_WARN_OBJC_LITERAL_CONVERSION = YES;
				CLANG_WARN_OBJC_ROOT_CLASS = YES_ERROR;
				CLANG_WARN_RANGE_LOOP_ANALYSIS = YES;
				CLANG_WARN_STRICT_PROTOTYPES = YES;
				CLANG_WARN_SUSPICIOUS_MOVE = YES;
				CLANG_WARN_UNGUARDED_AVAILABILITY = YES_AGGRESSIVE;
				CLANG_WARN_UNREACHABLE_CODE = YES;
				CLANG_WARN__DUPLICATE_METHOD_MATCH = YES;
				COPY_PHASE_STRIP = NO;
				DEBUG_INFORMATION_FORMAT = dwarf;
				ENABLE_STRICT_OBJC_MSGSEND = YES;
				ENABLE_TESTABILITY = YES;
				GCC_C_LANGUAGE_STANDARD = gnu11;
				GCC_DYNAMIC_NO_PIC = NO;
				GCC_NO_COMMON_BLOCKS = YES;
				GCC_OPTIMIZATION_LEVEL = 0;
				GCC_PREPROCESSOR_DEFINITIONS = (
					"DEBUG=1",
					"$(inherited)",
				);
				GCC_WARN_64_TO_32_BIT_CONVERSION = YES;
				GCC_WARN_ABOUT_RETURN_TYPE = YES_ERROR;
				GCC_WARN_UNDECLARED_SELECTOR = YES;
				GCC_WARN_UNINITIALIZED_AUTOS = YES_AGGRESSIVE;
				GCC_WARN_UNUSED_FUNCTION = YES;
				GCC_WARN_UNUSED_VARIABLE = YES;
				IPHONEOS_DEPLOYMENT_TARGET = 13.2;
				MTL_ENABLE_DEBUG_INFO = INCLUDE_SOURCE;
				MTL_FAST_MATH = YES;
				ONLY_ACTIVE_ARCH = YES;
				SDKROOT = iphoneos;
				SWIFT_ACTIVE_COMPILATION_CONDITIONS = DEBUG;
				SWIFT_OPTIMIZATION_LEVEL = "-Onone";
			};
			name = Debug;
		};
		3F81C48223F6043B00B6F3EC /* Release */ = {
			isa = XCBuildConfiguration;
			buildSettings = {
				ALWAYS_SEARCH_USER_PATHS = NO;
				CLANG_ANALYZER_NONNULL = YES;
				CLANG_ANALYZER_NUMBER_OBJECT_CONVERSION = YES_AGGRESSIVE;
				CLANG_CXX_LANGUAGE_STANDARD = "gnu++14";
				CLANG_CXX_LIBRARY = "libc++";
				CLANG_ENABLE_MODULES = YES;
				CLANG_ENABLE_OBJC_ARC = YES;
				CLANG_ENABLE_OBJC_WEAK = YES;
				CLANG_WARN_BLOCK_CAPTURE_AUTORELEASING = YES;
				CLANG_WARN_BOOL_CONVERSION = YES;
				CLANG_WARN_COMMA = YES;
				CLANG_WARN_CONSTANT_CONVERSION = YES;
				CLANG_WARN_DEPRECATED_OBJC_IMPLEMENTATIONS = YES;
				CLANG_WARN_DIRECT_OBJC_ISA_USAGE = YES_ERROR;
				CLANG_WARN_DOCUMENTATION_COMMENTS = YES;
				CLANG_WARN_EMPTY_BODY = YES;
				CLANG_WARN_ENUM_CONVERSION = YES;
				CLANG_WARN_INFINITE_RECURSION = YES;
				CLANG_WARN_INT_CONVERSION = YES;
				CLANG_WARN_NON_LITERAL_NULL_CONVERSION = YES;
				CLANG_WARN_OBJC_IMPLICIT_RETAIN_SELF = YES;
				CLANG_WARN_OBJC_LITERAL_CONVERSION = YES;
				CLANG_WARN_OBJC_ROOT_CLASS = YES_ERROR;
				CLANG_WARN_RANGE_LOOP_ANALYSIS = YES;
				CLANG_WARN_STRICT_PROTOTYPES = YES;
				CLANG_WARN_SUSPICIOUS_MOVE = YES;
				CLANG_WARN_UNGUARDED_AVAILABILITY = YES_AGGRESSIVE;
				CLANG_WARN_UNREACHABLE_CODE = YES;
				CLANG_WARN__DUPLICATE_METHOD_MATCH = YES;
				COPY_PHASE_STRIP = NO;
				DEBUG_INFORMATION_FORMAT = "dwarf-with-dsym";
				ENABLE_NS_ASSERTIONS = NO;
				ENABLE_STRICT_OBJC_MSGSEND = YES;
				GCC_C_LANGUAGE_STANDARD = gnu11;
				GCC_NO_COMMON_BLOCKS = YES;
				GCC_WARN_64_TO_32_BIT_CONVERSION = YES;
				GCC_WARN_ABOUT_RETURN_TYPE = YES_ERROR;
				GCC_WARN_UNDECLARED_SELECTOR = YES;
				GCC_WARN_UNINITIALIZED_AUTOS = YES_AGGRESSIVE;
				GCC_WARN_UNUSED_FUNCTION = YES;
				GCC_WARN_UNUSED_VARIABLE = YES;
				IPHONEOS_DEPLOYMENT_TARGET = 13.2;
				MTL_ENABLE_DEBUG_INFO = NO;
				MTL_FAST_MATH = YES;
				SDKROOT = iphoneos;
				SWIFT_COMPILATION_MODE = wholemodule;
				SWIFT_OPTIMIZATION_LEVEL = "-O";
				VALIDATE_PRODUCT = YES;
			};
			name = Release;
		};
		3F81C48423F6043B00B6F3EC /* Debug */ = {
			isa = XCBuildConfiguration;
			buildSettings = {
				ASSETCATALOG_COMPILER_APPICON_NAME = AppIcon;
				CODE_SIGN_STYLE = Automatic;
				INFOPLIST_FILE = AulaMapKitUniville/Info.plist;
				LD_RUNPATH_SEARCH_PATHS = (
					"$(inherited)",
					"@executable_path/Frameworks",
				);
				PRODUCT_BUNDLE_IDENTIFIER = teste.AulaMapKitUniville;
				PRODUCT_NAME = "$(TARGET_NAME)";
				SWIFT_VERSION = 5.0;
				TARGETED_DEVICE_FAMILY = "1,2";
			};
			name = Debug;
		};
		3F81C48523F6043B00B6F3EC /* Release */ = {
			isa = XCBuildConfiguration;
			buildSettings = {
				ASSETCATALOG_COMPILER_APPICON_NAME = AppIcon;
				CODE_SIGN_STYLE = Automatic;
				INFOPLIST_FILE = AulaMapKitUniville/Info.plist;
				LD_RUNPATH_SEARCH_PATHS = (
					"$(inherited)",
					"@executable_path/Frameworks",
				);
				PRODUCT_BUNDLE_IDENTIFIER = teste.AulaMapKitUniville;
				PRODUCT_NAME = "$(TARGET_NAME)";
				SWIFT_VERSION = 5.0;
				TARGETED_DEVICE_FAMILY = "1,2";
			};
			name = Release;
		};
/* End XCBuildConfiguration section */

/* Begin XCConfigurationList section */
		3F81C46A23F6043A00B6F3EC /* Build configuration list for PBXProject "AulaMapKitUniville" */ = {
			isa = XCConfigurationList;
			buildConfigurations = (
				3F81C48123F6043B00B6F3EC /* Debug */,
				3F81C48223F6043B00B6F3EC /* Release */,
			);
			defaultConfigurationIsVisible = 0;
			defaultConfigurationName = Release;
		};
		3F81C48323F6043B00B6F3EC /* Build configuration list for PBXNativeTarget "AulaMapKitUniville" */ = {
			isa = XCConfigurationList;
			buildConfigurations = (
				3F81C48423F6043B00B6F3EC /* Debug */,
				3F81C48523F6043B00B6F3EC /* Release */,
			);
			defaultConfigurationIsVisible = 0;
			defaultConfigurationName = Release;
		};
/* End XCConfigurationList section */
	};
	rootObject = 3F81C46723F6043A00B6F3EC /* Project object */;
}
